// !$*UTF8*$!
{
	archiveVersion = 1;
	classes = {
	};
	objectVersion = 46;
	objects = {

/* Begin PBXBuildFile section */
		2446DC971BDAC929003F6153 /* main.m in Sources */ = {isa = PBXBuildFile; fileRef = 2446DC961BDAC929003F6153 /* main.m */; };
		2446DC9A1BDAC929003F6153 /* AppDelegate.m in Sources */ = {isa = PBXBuildFile; fileRef = 2446DC991BDAC929003F6153 /* AppDelegate.m */; };
		2446DC9D1BDAC929003F6153 /* ViewController.m in Sources */ = {isa = PBXBuildFile; fileRef = 2446DC9C1BDAC929003F6153 /* ViewController.m */; };
		2446DCA01BDAC929003F6153 /* Main.storyboard in Resources */ = {isa = PBXBuildFile; fileRef = 2446DC9E1BDAC929003F6153 /* Main.storyboard */; };
		2446DCA31BDAC929003F6153 /* Molitvoslov.xcdatamodeld in Sources */ = {isa = PBXBuildFile; fileRef = 2446DCA11BDAC929003F6153 /* Molitvoslov.xcdatamodeld */; };
		2446DCA51BDAC929003F6153 /* Assets.xcassets in Resources */ = {isa = PBXBuildFile; fileRef = 2446DCA41BDAC929003F6153 /* Assets.xcassets */; };
		2446DCA81BDAC929003F6153 /* LaunchScreen.storyboard in Resources */ = {isa = PBXBuildFile; fileRef = 2446DCA61BDAC929003F6153 /* LaunchScreen.storyboard */; };
/* End PBXBuildFile section */

/* Begin PBXFileReference section */
		2446DC921BDAC929003F6153 /* Molitvoslov.app */ = {isa = PBXFileReference; explicitFileType = wrapper.application; includeInIndex = 0; path = Molitvoslov.app; sourceTree = BUILT_PRODUCTS_DIR; };
		2446DC961BDAC929003F6153 /* main.m */ = {isa = PBXFileReference; lastKnownFileType = sourcecode.c.objc; path = main.m; sourceTree = "<group>"; };
		2446DC981BDAC929003F6153 /* AppDelegate.h */ = {isa = PBXFileReference; lastKnownFileType = sourcecode.c.h; path = AppDelegate.h; sourceTree = "<group>"; };
		2446DC991BDAC929003F6153 /* AppDelegate.m */ = {isa = PBXFileReference; lastKnownFileType = sourcecode.c.objc; path = AppDelegate.m; sourceTree = "<group>"; };
		2446DC9B1BDAC929003F6153 /* ViewController.h */ = {isa = PBXFileReference; lastKnownFileType = sourcecode.c.h; path = ViewController.h; sourceTree = "<group>"; };
		2446DC9C1BDAC929003F6153 /* ViewController.m */ = {isa = PBXFileReference; lastKnownFileType = sourcecode.c.objc; path = ViewController.m; sourceTree = "<group>"; };
		2446DC9F1BDAC929003F6153 /* Base */ = {isa = PBXFileReference; lastKnownFileType = file.storyboard; name = Base; path = Base.lproj/Main.storyboard; sourceTree = "<group>"; };
		2446DCA21BDAC929003F6153 /* Molitvoslov.xcdatamodel */ = {isa = PBXFileReference; lastKnownFileType = wrapper.xcdatamodel; path = Molitvoslov.xcdatamodel; sourceTree = "<group>"; };
		2446DCA41BDAC929003F6153 /* Assets.xcassets */ = {isa = PBXFileReference; lastKnownFileType = folder.assetcatalog; path = Assets.xcassets; sourceTree = "<group>"; };
		2446DCA71BDAC929003F6153 /* Base */ = {isa = PBXFileReference; lastKnownFileType = file.storyboard; name = Base; path = Base.lproj/LaunchScreen.storyboard; sourceTree = "<group>"; };
		2446DCA91BDAC929003F6153 /* Info.plist */ = {isa = PBXFileReference; lastKnownFileType = text.plist.xml; path = Info.plist; sourceTree = "<group>"; };
/* End PBXFileReference section */

/* Begin PBXFrameworksBuildPhase section */
		2446DC8F1BDAC929003F6153 /* Frameworks */ = {
			isa = PBXFrameworksBuildPhase;
			buildActionMask = 2147483647;
			files = (
			);
			runOnlyForDeploymentPostprocessing = 0;
		};
/* End PBXFrameworksBuildPhase section */

/* Begin PBXGroup section */
		2446DC891BDAC928003F6153 = {
			isa = PBXGroup;
			children = (
				2446DC941BDAC929003F6153 /* Molitvoslov */,
				2446DC931BDAC929003F6153 /* Products */,
			);
			sourceTree = "<group>";
		};
		2446DC931BDAC929003F6153 /* Products */ = {
			isa = PBXGroup;
			children = (
				2446DC921BDAC929003F6153 /* Molitvoslov.app */,
			);
			name = Products;
			sourceTree = "<group>";
		};
		2446DC941BDAC929003F6153 /* Molitvoslov */ = {
			isa = PBXGroup;
			children = (
				2446DC981BDAC929003F6153 /* AppDelegate.h */,
				2446DC991BDAC929003F6153 /* AppDelegate.m */,
				2446DC9B1BDAC929003F6153 /* ViewController.h */,
				2446DC9C1BDAC929003F6153 /* ViewController.m */,
				2446DC9E1BDAC929003F6153 /* Main.storyboard */,
				2446DCA41BDAC929003F6153 /* Assets.xcassets */,
				2446DCA61BDAC929003F6153 /* LaunchScreen.storyboard */,
				2446DCA91BDAC929003F6153 /* Info.plist */,
				2446DCA11BDAC929003F6153 /* Molitvoslov.xcdatamodeld */,
				2446DC951BDAC929003F6153 /* Supporting Files */,
			);
			path = Molitvoslov;
			sourceTree = "<group>";
		};
		2446DC951BDAC929003F6153 /* Supporting Files */ = {
			isa = PBXGroup;
			children = (
				2446DC961BDAC929003F6153 /* main.m */,
			);
			name = "Supporting Files";
			sourceTree = "<group>";
		};
/* End PBXGroup section */

/* Begin PBXNativeTarget section */
		2446DC911BDAC929003F6153 /* Molitvoslov */ = {
			isa = PBXNativeTarget;
			buildConfigurationList = 2446DCAC1BDAC929003F6153 /* Build configuration list for PBXNativeTarget "Molitvoslov" */;
			buildPhases = (
				2446DC8E1BDAC929003F6153 /* Sources */,
				2446DC8F1BDAC929003F6153 /* Frameworks */,
				2446DC901BDAC929003F6153 /* Resources */,
			);
			buildRules = (
			);
			dependencies = (
			);
			name = Molitvoslov;
			productName = Molitvoslov;
			productReference = 2446DC921BDAC929003F6153 /* Molitvoslov.app */;
			productType = "com.apple.product-type.application";
		};
/* End PBXNativeTarget section */

/* Begin PBXProject section */
		2446DC8A1BDAC928003F6153 /* Project object */ = {
			isa = PBXProject;
			attributes = {
				LastUpgradeCheck = 0700;
				ORGANIZATIONNAME = Nik;
				TargetAttributes = {
					2446DC911BDAC929003F6153 = {
						CreatedOnToolsVersion = 7.0.1;
						DevelopmentTeam = WFQLYW8HYX;
					};
				};
			};
			buildConfigurationList = 2446DC8D1BDAC928003F6153 /* Build configuration list for PBXProject "Molitvoslov" */;
			compatibilityVersion = "Xcode 3.2";
			developmentRegion = English;
			hasScannedForEncodings = 0;
			knownRegions = (
				en,
				Base,
			);
			mainGroup = 2446DC891BDAC928003F6153;
			productRefGroup = 2446DC931BDAC929003F6153 /* Products */;
			projectDirPath = "";
			projectRoot = "";
			targets = (
				2446DC911BDAC929003F6153 /* Molitvoslov */,
			);
		};
/* End PBXProject section */

/* Begin PBXResourcesBuildPhase section */
		2446DC901BDAC929003F6153 /* Resources */ = {
			isa = PBXResourcesBuildPhase;
			buildActionMask = 2147483647;
			files = (
				2446DCA81BDAC929003F6153 /* LaunchScreen.storyboard in Resources */,
				2446DCA51BDAC929003F6153 /* Assets.xcassets in Resources */,
				2446DCA01BDAC929003F6153 /* Main.storyboard in Resources */,
			);
			runOnlyForDeploymentPostprocessing = 0;
		};
/* End PBXResourcesBuildPhase section */

/* Begin PBXSourcesBuildPhase section */
		2446DC8E1BDAC929003F6153 /* Sources */ = {
			isa = PBXSourcesBuildPhase;
			buildActionMask = 2147483647;
			files = (
				2446DC9D1BDAC929003F6153 /* ViewController.m in Sources */,
				2446DC9A1BDAC929003F6153 /* AppDelegate.m in Sources */,
				2446DCA31BDAC929003F6153 /* Molitvoslov.xcdatamodeld in Sources */,
				2446DC971BDAC929003F6153 /* main.m in Sources */,
			);
			runOnlyForDeploymentPostprocessing = 0;
		};
/* End PBXSourcesBuildPhase section */

/* Begin PBXVariantGroup section */
		2446DC9E1BDAC929003F6153 /* Main.storyboard */ = {
			isa = PBXVariantGroup;
			children = (
				2446DC9F1BDAC929003F6153 /* Base */,
			);
			name = Main.storyboard;
			sourceTree = "<group>";
		};
		2446DCA61BDAC929003F6153 /* LaunchScreen.storyboard */ = {
			isa = PBXVariantGroup;
			children = (
				2446DCA71BDAC929003F6153 /* Base */,
			);
			name = LaunchScreen.storyboard;
			sourceTree = "<group>";
		};
/* End PBXVariantGroup section */

/* Begin XCBuildConfiguration section */
		2446DCAA1BDAC929003F6153 /* Debug */ = {
			isa = XCBuildConfiguration;
			buildSettings = {
				ALWAYS_SEARCH_USER_PATHS = NO;
				CLANG_CXX_LANGUAGE_STANDARD = "gnu++0x";
				CLANG_CXX_LIBRARY = "libc++";
				CLANG_ENABLE_MODULES = YES;
				CLANG_ENABLE_OBJC_ARC = YES;
				CLANG_WARN_BOOL_CONVERSION = YES;
				CLANG_WARN_CONSTANT_CONVERSION = YES;
				CLANG_WARN_DIRECT_OBJC_ISA_USAGE = YES_ERROR;
				CLANG_WARN_EMPTY_BODY = YES;
				CLANG_WARN_ENUM_CONVERSION = YES;
				CLANG_WARN_INT_CONVERSION = YES;
				CLANG_WARN_OBJC_ROOT_CLASS = YES_ERROR;
				CLANG_WARN_UNREACHABLE_CODE = YES;
				CLANG_WARN__DUPLICATE_METHOD_MATCH = YES;
				"CODE_SIGN_IDENTITY[sdk=iphoneos*]" = "iPhone Developer";
				COPY_PHASE_STRIP = NO;
				DEBUG_INFORMATION_FORMAT = dwarf;
				ENABLE_STRICT_OBJC_MSGSEND = YES;
				ENABLE_TESTABILITY = YES;
				GCC_C_LANGUAGE_STANDARD = gnu99;
				GCC_DYNAMIC_NO_PIC = NO;
				GCC_NO_COMMON_BLOCKS = YES;
				GCC_OPTIMIZATION_LEVEL = 0;
				GCC_PREPROCESSOR_DEFINITIONS = (
					"DEBUG=1",
					"$(inherited)",
				);
				GCC_WARN_64_TO_32_BIT_CONVERSION = YES;
				GCC_WARN_ABOUT_RETURN_TYPE = YES_ERROR;
				GCC_WARN_UNDECLARED_SELECTOR = YES;
				GCC_WARN_UNINITIALIZED_AUTOS = YES_AGGRESSIVE;
				GCC_WARN_UNUSED_FUNCTION = YES;
				GCC_WARN_UNUSED_VARIABLE = YES;
				IPHONEOS_DEPLOYMENT_TARGET = 9.0;
				MTL_ENABLE_DEBUG_INFO = YES;
				ONLY_ACTIVE_ARCH = YES;
				SDKROOT = iphoneos;
				TARGETED_DEVICE_FAMILY = "1,2";
			};
			name = Debug;
		};
		2446DCAB1BDAC929003F6153 /* Release */ = {
			isa = XCBuildConfiguration;
			buildSettings = {
				ALWAYS_SEARCH_USER_PATHS = NO;
				CLANG_CXX_LANGUAGE_STANDARD = "gnu++0x";
				CLANG_CXX_LIBRARY = "libc++";
				CLANG_ENABLE_MODULES = YES;
				CLANG_ENABLE_OBJC_ARC = YES;
				CLANG_WARN_BOOL_CONVERSION = YES;
				CLANG_WARN_CONSTANT_CONVERSION = YES;
				CLANG_WARN_DIRECT_OBJC_ISA_USAGE = YES_ERROR;
				CLANG_WARN_EMPTY_BODY = YES;
				CLANG_WARN_ENUM_CONVERSION = YES;
				CLANG_WARN_INT_CONVERSION = YES;
				CLANG_WARN_OBJC_ROOT_CLASS = YES_ERROR;
				CLANG_WARN_UNREACHABLE_CODE = YES;
				CLANG_WARN__DUPLICATE_METHOD_MATCH = YES;
				"CODE_SIGN_IDENTITY[sdk=iphoneos*]" = "iPhone Developer";
				COPY_PHASE_STRIP = NO;
				DEBUG_INFORMATION_FORMAT = "dwarf-with-dsym";
				ENABLE_NS_ASSERTIONS = NO;
				ENABLE_STRICT_OBJC_MSGSEND = YES;
				GCC_C_LANGUAGE_STANDARD = gnu99;
				GCC_NO_COMMON_BLOCKS = YES;
				GCC_WARN_64_TO_32_BIT_CONVERSION = YES;
				GCC_WARN_ABOUT_RETURN_TYPE = YES_ERROR;
				GCC_WARN_UNDECLARED_SELECTOR = YES;
				GCC_WARN_UNINITIALIZED_AUTOS = YES_AGGRESSIVE;
				GCC_WARN_UNUSED_FUNCTION = YES;
				GCC_WARN_UNUSED_VARIABLE = YES;
				IPHONEOS_DEPLOYMENT_TARGET = 9.0;
				MTL_ENABLE_DEBUG_INFO = NO;
				SDKROOT = iphoneos;
				TARGETED_DEVICE_FAMILY = "1,2";
				VALIDATE_PRODUCT = YES;
			};
			name = Release;
		};
		2446DCAD1BDAC929003F6153 /* Debug */ = {
			isa = XCBuildConfiguration;
			buildSettings = {
				ASSETCATALOG_COMPILER_APPICON_NAME = AppIcon;
				INFOPLIST_FILE = Molitvoslov/Info.plist;
				LD_RUNPATH_SEARCH_PATHS = "$(inherited) @executable_path/Frameworks";
				PRODUCT_BUNDLE_IDENTIFIER = nik.Molitvoslov;
				PRODUCT_NAME = "$(TARGET_NAME)";
			};
			name = Debug;
		};
		2446DCAE1BDAC929003F6153 /* Release */ = {
			isa = XCBuildConfiguration;
			buildSettings = {
				ASSETCATALOG_COMPILER_APPICON_NAME = AppIcon;
				INFOPLIST_FILE = Molitvoslov/Info.plist;
				LD_RUNPATH_SEARCH_PATHS = "$(inherited) @executable_path/Frameworks";
				PRODUCT_BUNDLE_IDENTIFIER = nik.Molitvoslov;
				PRODUCT_NAME = "$(TARGET_NAME)";
			};
			name = Release;
		};
/* End XCBuildConfiguration section */

/* Begin XCConfigurationList section */
		2446DC8D1BDAC928003F6153 /* Build configuration list for PBXProject "Molitvoslov" */ = {
			isa = XCConfigurationList;
			buildConfigurations = (
				2446DCAA1BDAC929003F6153 /* Debug */,
				2446DCAB1BDAC929003F6153 /* Release */,
			);
			defaultConfigurationIsVisible = 0;
			defaultConfigurationName = Release;
		};
		2446DCAC1BDAC929003F6153 /* Build configuration list for PBXNativeTarget "Molitvoslov" */ = {
			isa = XCConfigurationList;
			buildConfigurations = (
				2446DCAD1BDAC929003F6153 /* Debug */,
				2446DCAE1BDAC929003F6153 /* Release */,
			);
			defaultConfigurationIsVisible = 0;
		};
/* End XCConfigurationList section */

/* Begin XCVersionGroup section */
		2446DCA11BDAC929003F6153 /* Molitvoslov.xcdatamodeld */ = {
			isa = XCVersionGroup;
			children = (
				2446DCA21BDAC929003F6153 /* Molitvoslov.xcdatamodel */,
			);
			currentVersion = 2446DCA21BDAC929003F6153 /* Molitvoslov.xcdatamodel */;
			path = Molitvoslov.xcdatamodeld;
			sourceTree = "<group>";
			versionGroupType = wrapper.xcdatamodel;
		};
/* End XCVersionGroup section */
	};
	rootObject = 2446DC8A1BDAC928003F6153 /* Project object */;
}
